
Microsoft Visual Studio Solution File, Format Version 10.00
# Visual Studio 2008
Project("{8BC9CEB8-8B4A-11D0-8D11-00A0C91BC942}") = "Manilla2DConfig", "Manilla2DConfig\Manilla2DConfig.vcproj", "{07DCD06E-F8D9-47DE-BAC9-BA0879400F24}"
EndProject
Project("{B900F1C2-3D47-4FEC-85B3-04AAF18C3634}") = "Manilla2DConfigCab", "Manilla2DConfigCab\Manilla2DConfigCab.vddproj", "{F009F60A-B178-4E85-924B-68FE5C0CF62C}"
EndProject
Global
	GlobalSection(SolutionConfigurationPlatforms) = preSolution
		Debug|Windows Mobile 6 Professional SDK (ARMV4I) = Debug|Windows Mobile 6 Professional SDK (ARMV4I)
		Release|Windows Mobile 6 Professional SDK (ARMV4I) = Release|Windows Mobile 6 Professional SDK (ARMV4I)
	EndGlobalSection
	GlobalSection(ProjectConfigurationPlatforms) = postSolution
		{07DCD06E-F8D9-47DE-BAC9-BA0879400F24}.Debug|Windows Mobile 6 Professional SDK (ARMV4I).ActiveCfg = Debug|Windows Mobile 6 Professional SDK (ARMV4I)
		{07DCD06E-F8D9-47DE-BAC9-BA0879400F24}.Debug|Windows Mobile 6 Professional SDK (ARMV4I).Build.0 = Debug|Windows Mobile 6 Professional SDK (ARMV4I)
		{07DCD06E-F8D9-47DE-BAC9-BA0879400F24}.Debug|Windows Mobile 6 Professional SDK (ARMV4I).Deploy.0 = Debug|Windows Mobile 6 Professional SDK (ARMV4I)
		{07DCD06E-F8D9-47DE-BAC9-BA0879400F24}.Release|Windows Mobile 6 Professional SDK (ARMV4I).ActiveCfg = Release|Windows Mobile 6 Professional SDK (ARMV4I)
		{07DCD06E-F8D9-47DE-BAC9-BA0879400F24}.Release|Windows Mobile 6 Professional SDK (ARMV4I).Build.0 = Release|Windows Mobile 6 Professional SDK (ARMV4I)
		{07DCD06E-F8D9-47DE-BAC9-BA0879400F24}.Release|Windows Mobile 6 Professional SDK (ARMV4I).Deploy.0 = Release|Windows Mobile 6 Professional SDK (ARMV4I)
		{F009F60A-B178-4E85-924B-68FE5C0CF62C}.Debug|Windows Mobile 6 Professional SDK (ARMV4I).ActiveCfg = Debug
		{F009F60A-B178-4E85-924B-68FE5C0CF62C}.Debug|Windows Mobile 6 Professional SDK (ARMV4I).Build.0 = Debug
		{F009F60A-B178-4E85-924B-68FE5C0CF62C}.Release|Windows Mobile 6 Professional SDK (ARMV4I).ActiveCfg = Release
		{F009F60A-B178-4E85-924B-68FE5C0CF62C}.Release|Windows Mobile 6 Professional SDK (ARMV4I).Build.0 = Release
	EndGlobalSection
	GlobalSection(SolutionProperties) = preSolution
		HideSolutionNode = FALSE
	EndGlobalSection
EndGlobal
